
Microsoft Visual Studio Solution File, Format Version 12.00
# Visual Studio 15
Project("{FAE04EC0-301F-11D3-BF4B-00C04F79EFBC}") = "UnityEngine.TestRunner", "UnityEngine.TestRunner.csproj", "{F0E466E9-6DA0-8B87-E789-48A47183B26F}"
EndProject
Project("{FAE04EC0-301F-11D3-BF4B-00C04F79EFBC}") = "UnityEngine.UI", "UnityEngine.UI.csproj", "{133832E6-67D2-079C-88D2-339B4DA807A4}"
EndProject
Project("{FAE04EC0-301F-11D3-BF4B-00C04F79EFBC}") = "Unity.VisualScripting.Flow", "Unity.VisualScripting.Flow.csproj", "{F607024B-7288-BEA6-63DB-8DA96EA1B5D3}"
EndProject
Project("{FAE04EC0-301F-11D3-BF4B-00C04F79EFBC}") = "Unity.VisualScripting.State", "Unity.VisualScripting.State.csproj", "{F792D6BC-9563-349E-F72A-8696D8457C64}"
EndProject
Project("{FAE04EC0-301F-11D3-BF4B-00C04F79EFBC}") = "Unity.VisualScripting.Core", "Unity.VisualScripting.Core.csproj", "{1F7E8CD2-7B80-310F-D771-9F006D0DC715}"
EndProject
Project("{FAE04EC0-301F-11D3-BF4B-00C04F79EFBC}") = "Unity.TextMeshPro", "Unity.TextMeshPro.csproj", "{2C65CF66-81F4-5B84-8F65-4200774D8A88}"
EndProject
Project("{FAE04EC0-301F-11D3-BF4B-00C04F79EFBC}") = "Unity.Timeline", "Unity.Timeline.csproj", "{27343F53-9AC3-DA6E-8462-C2CFD88452AD}"
EndProject
Project("{FAE04EC0-301F-11D3-BF4B-00C04F79EFBC}") = "Assembly-CSharp", "Assembly-CSharp.csproj", "{86211EB8-4B43-3E4C-0709-71E43D382CCA}"
EndProject
Project("{FAE04EC0-301F-11D3-BF4B-00C04F79EFBC}") = "Unity.PlasticSCM.Editor", "Unity.PlasticSCM.Editor.csproj", "{50BC6275-711F-38C9-F2F6-D257F00089B2}"
EndProject
Project("{FAE04EC0-301F-11D3-BF4B-00C04F79EFBC}") = "Unity.VisualScripting.Core.Editor", "Unity.VisualScripting.Core.Editor.csproj", "{943C244E-C2E1-D30A-A157-F614E5B330F1}"
EndProject
Project("{FAE04EC0-301F-11D3-BF4B-00C04F79EFBC}") = "Unity.VisualScripting.Flow.Editor", "Unity.VisualScripting.Flow.Editor.csproj", "{3353983A-A98C-2618-DF93-5554CDDE6287}"
EndProject
Project("{FAE04EC0-301F-11D3-BF4B-00C04F79EFBC}") = "Unity.VisualStudio.Editor", "Unity.VisualStudio.Editor.csproj", "{79EA1EE2-75F3-8015-B6F0-CEC7061E911B}"
EndProject
Project("{FAE04EC0-301F-11D3-BF4B-00C04F79EFBC}") = "Unity.Timeline.Editor", "Unity.Timeline.Editor.csproj", "{97CC8255-BB26-0BE3-CE56-856F0F0A2508}"
EndProject
Project("{FAE04EC0-301F-11D3-BF4B-00C04F79EFBC}") = "Unity.VisualScripting.State.Editor", "Unity.VisualScripting.State.Editor.csproj", "{A8752B05-A1D8-04D8-16DF-BD9275D41E1F}"
EndProject
Project("{FAE04EC0-301F-11D3-BF4B-00C04F79EFBC}") = "Unity.TextMeshPro.Editor", "Unity.TextMeshPro.Editor.csproj", "{1EEE67EC-C585-E344-155C-D1BBE7C21DDD}"
EndProject
Project("{FAE04EC0-301F-11D3-BF4B-00C04F79EFBC}") = "Unity.VisualScripting.SettingsProvider.Editor", "Unity.VisualScripting.SettingsProvider.Editor.csproj", "{C442F40F-F0AE-9EE4-AE70-FDBE2DC24E9C}"
EndProject
Project("{FAE04EC0-301F-11D3-BF4B-00C04F79EFBC}") = "UnityEditor.TestRunner", "UnityEditor.TestRunner.csproj", "{3993DD9A-84E1-D67D-A880-14215B654FC2}"
EndProject
Project("{FAE04EC0-301F-11D3-BF4B-00C04F79EFBC}") = "Unity.TestTools.CodeCoverage.Editor", "Unity.TestTools.CodeCoverage.Editor.csproj", "{5C36EF7F-89A6-1A7E-2FCE-4D60924D59F5}"
EndProject
Project("{FAE04EC0-301F-11D3-BF4B-00C04F79EFBC}") = "Unity.Rider.Editor", "Unity.Rider.Editor.csproj", "{AB39C1A9-EE9D-E28D-6B05-0CCA9E5FDEFD}"
EndProject
Project("{FAE04EC0-301F-11D3-BF4B-00C04F79EFBC}") = "Unity.Performance.Profile-Analyzer.Editor", "Unity.Performance.Profile-Analyzer.Editor.csproj", "{8FE09613-0BC5-62BE-AD28-E8CE0B8D3632}"
EndProject
Project("{FAE04EC0-301F-11D3-BF4B-00C04F79EFBC}") = "Unity.VSCode.Editor", "Unity.VSCode.Editor.csproj", "{F78D294E-21D6-26D0-644F-45C4F4D7F325}"
EndProject
Project("{FAE04EC0-301F-11D3-BF4B-00C04F79EFBC}") = "UnityEditor.UI", "UnityEditor.UI.csproj", "{8F6B88AD-A8CB-CD65-9840-66BC193F0E6F}"
EndProject
Project("{FAE04EC0-301F-11D3-BF4B-00C04F79EFBC}") = "Unity.TestTools.CodeCoverage.Editor.OpenCover.Model", "Unity.TestTools.CodeCoverage.Editor.OpenCover.Model.csproj", "{AF4CF200-0F66-CF1D-6DD9-06FEA4088879}"
EndProject
Project("{FAE04EC0-301F-11D3-BF4B-00C04F79EFBC}") = "Unity.EditorCoroutines.Editor", "Unity.EditorCoroutines.Editor.csproj", "{EF06248F-5A22-F706-4E43-DDE2B888AB2A}"
EndProject
Project("{FAE04EC0-301F-11D3-BF4B-00C04F79EFBC}") = "Unity.Settings.Editor", "Unity.Settings.Editor.csproj", "{B1F39400-3D3D-57FC-E28D-0AD84302A84A}"
EndProject
Project("{FAE04EC0-301F-11D3-BF4B-00C04F79EFBC}") = "Unity.CollabProxy.Editor", "Unity.CollabProxy.Editor.csproj", "{8326FFED-32B8-0870-12F4-3E685F4C44BB}"
EndProject
Project("{FAE04EC0-301F-11D3-BF4B-00C04F79EFBC}") = "Unity.TestTools.CodeCoverage.Editor.OpenCover.Mono.Reflection", "Unity.TestTools.CodeCoverage.Editor.OpenCover.Mono.Reflection.csproj", "{67C3A758-CFEC-D446-DF74-191515F58E7E}"
EndProject
Project("{FAE04EC0-301F-11D3-BF4B-00C04F79EFBC}") = "Unity.VisualScripting.Shared.Editor", "Unity.VisualScripting.Shared.Editor.csproj", "{BBE81BF5-FBB5-D9D8-4514-34C47E794F15}"
EndProject
Project("{FAE04EC0-301F-11D3-BF4B-00C04F79EFBC}") = "UnityEngine.TestRunner", "UnityEngine.TestRunner.Player.csproj", "{92EEA7F7-7E6E-A0C3-1BE9-5C7B3AD63F84}"
EndProject
Project("{FAE04EC0-301F-11D3-BF4B-00C04F79EFBC}") = "UnityEngine.UI", "UnityEngine.UI.Player.csproj", "{79230B7B-E8A1-1520-C775-2A01E95BD29B}"
EndProject
Project("{FAE04EC0-301F-11D3-BF4B-00C04F79EFBC}") = "Unity.VisualScripting.Flow", "Unity.VisualScripting.Flow.Player.csproj", "{B602F430-8679-2023-9C05-4A4B52731456}"
EndProject
Project("{FAE04EC0-301F-11D3-BF4B-00C04F79EFBC}") = "Unity.VisualScripting.State", "Unity.VisualScripting.State.Player.csproj", "{321C6274-DCBA-D1AC-AD3E-4CAC8EC89263}"
EndProject
Project("{FAE04EC0-301F-11D3-BF4B-00C04F79EFBC}") = "Unity.VisualScripting.Core", "Unity.VisualScripting.Core.Player.csproj", "{E1CCC8FC-4DA0-EE62-F8A9-98DF632BCF89}"
EndProject
Project("{FAE04EC0-301F-11D3-BF4B-00C04F79EFBC}") = "Unity.TextMeshPro", "Unity.TextMeshPro.Player.csproj", "{E68E0A25-DBC7-D021-34CB-2DBACA3333AE}"
EndProject
Project("{FAE04EC0-301F-11D3-BF4B-00C04F79EFBC}") = "Unity.Timeline", "Unity.Timeline.Player.csproj", "{AE87188E-4FA0-969C-5B17-FA41CB3114E8}"
EndProject
Project("{FAE04EC0-301F-11D3-BF4B-00C04F79EFBC}") = "Assembly-CSharp", "Assembly-CSharp.Player.csproj", "{7496FEDB-3BD4-2EFD-8A62-033B3DF3B0FD}"
EndProject
Global
	GlobalSection(SolutionConfigurationPlatforms) = preSolution
		Debug|Any CPU = Debug|Any CPU
		Release|Any CPU = Release|Any CPU
	EndGlobalSection
	GlobalSection(ProjectConfigurationPlatforms) = postSolution
		{F0E466E9-6DA0-8B87-E789-48A47183B26F}.Debug|Any CPU.ActiveCfg = Debug|Any CPU
		{F0E466E9-6DA0-8B87-E789-48A47183B26F}.Debug|Any CPU.Build.0 = Debug|Any CPU
		{F0E466E9-6DA0-8B87-E789-48A47183B26F}.Release|Any CPU.ActiveCfg = Release|Any CPU
		{F0E466E9-6DA0-8B87-E789-48A47183B26F}.Release|Any CPU.Build.0 = Release|Any CPU
		{133832E6-67D2-079C-88D2-339B4DA807A4}.Debug|Any CPU.ActiveCfg = Debug|Any CPU
		{133832E6-67D2-079C-88D2-339B4DA807A4}.Debug|Any CPU.Build.0 = Debug|Any CPU
		{133832E6-67D2-079C-88D2-339B4DA807A4}.Release|Any CPU.ActiveCfg = Release|Any CPU
		{133832E6-67D2-079C-88D2-339B4DA807A4}.Release|Any CPU.Build.0 = Release|Any CPU
		{F607024B-7288-BEA6-63DB-8DA96EA1B5D3}.Debug|Any CPU.ActiveCfg = Debug|Any CPU
		{F607024B-7288-BEA6-63DB-8DA96EA1B5D3}.Debug|Any CPU.Build.0 = Debug|Any CPU
		{F607024B-7288-BEA6-63DB-8DA96EA1B5D3}.Release|Any CPU.ActiveCfg = Release|Any CPU
		{F607024B-7288-BEA6-63DB-8DA96EA1B5D3}.Release|Any CPU.Build.0 = Release|Any CPU
		{F792D6BC-9563-349E-F72A-8696D8457C64}.Debug|Any CPU.ActiveCfg = Debug|Any CPU
		{F792D6BC-9563-349E-F72A-8696D8457C64}.Debug|Any CPU.Build.0 = Debug|Any CPU
		{F792D6BC-9563-349E-F72A-8696D8457C64}.Release|Any CPU.ActiveCfg = Release|Any CPU
		{F792D6BC-9563-349E-F72A-8696D8457C64}.Release|Any CPU.Build.0 = Release|Any CPU
		{1F7E8CD2-7B80-310F-D771-9F006D0DC715}.Debug|Any CPU.ActiveCfg = Debug|Any CPU
		{1F7E8CD2-7B80-310F-D771-9F006D0DC715}.Debug|Any CPU.Build.0 = Debug|Any CPU
		{1F7E8CD2-7B80-310F-D771-9F006D0DC715}.Release|Any CPU.ActiveCfg = Release|Any CPU
		{1F7E8CD2-7B80-310F-D771-9F006D0DC715}.Release|Any CPU.Build.0 = Release|Any CPU
		{2C65CF66-81F4-5B84-8F65-4200774D8A88}.Debug|Any CPU.ActiveCfg = Debug|Any CPU
		{2C65CF66-81F4-5B84-8F65-4200774D8A88}.Debug|Any CPU.Build.0 = Debug|Any CPU
		{2C65CF66-81F4-5B84-8F65-4200774D8A88}.Release|Any CPU.ActiveCfg = Release|Any CPU
		{2C65CF66-81F4-5B84-8F65-4200774D8A88}.Release|Any CPU.Build.0 = Release|Any CPU
		{27343F53-9AC3-DA6E-8462-C2CFD88452AD}.Debug|Any CPU.ActiveCfg = Debug|Any CPU
		{27343F53-9AC3-DA6E-8462-C2CFD88452AD}.Debug|Any CPU.Build.0 = Debug|Any CPU
		{27343F53-9AC3-DA6E-8462-C2CFD88452AD}.Release|Any CPU.ActiveCfg = Release|Any CPU
		{27343F53-9AC3-DA6E-8462-C2CFD88452AD}.Release|Any CPU.Build.0 = Release|Any CPU
		{86211EB8-4B43-3E4C-0709-71E43D382CCA}.Debug|Any CPU.ActiveCfg = Debug|Any CPU
		{86211EB8-4B43-3E4C-0709-71E43D382CCA}.Debug|Any CPU.Build.0 = Debug|Any CPU
		{86211EB8-4B43-3E4C-0709-71E43D382CCA}.Release|Any CPU.ActiveCfg = Release|Any CPU
		{86211EB8-4B43-3E4C-0709-71E43D382CCA}.Release|Any CPU.Build.0 = Release|Any CPU
		{50BC6275-711F-38C9-F2F6-D257F00089B2}.Debug|Any CPU.ActiveCfg = Debug|Any CPU
		{50BC6275-711F-38C9-F2F6-D257F00089B2}.Debug|Any CPU.Build.0 = Debug|Any CPU
		{50BC6275-711F-38C9-F2F6-D257F00089B2}.Release|Any CPU.ActiveCfg = Release|Any CPU
		{50BC6275-711F-38C9-F2F6-D257F00089B2}.Release|Any CPU.Build.0 = Release|Any CPU
		{943C244E-C2E1-D30A-A157-F614E5B330F1}.Debug|Any CPU.ActiveCfg = Debug|Any CPU
		{943C244E-C2E1-D30A-A157-F614E5B330F1}.Debug|Any CPU.Build.0 = Debug|Any CPU
		{943C244E-C2E1-D30A-A157-F614E5B330F1}.Release|Any CPU.ActiveCfg = Release|Any CPU
		{943C244E-C2E1-D30A-A157-F614E5B330F1}.Release|Any CPU.Build.0 = Release|Any CPU
		{3353983A-A98C-2618-DF93-5554CDDE6287}.Debug|Any CPU.ActiveCfg = Debug|Any CPU
		{3353983A-A98C-2618-DF93-5554CDDE6287}.Debug|Any CPU.Build.0 = Debug|Any CPU
		{3353983A-A98C-2618-DF93-5554CDDE6287}.Release|Any CPU.ActiveCfg = Release|Any CPU
		{3353983A-A98C-2618-DF93-5554CDDE6287}.Release|Any CPU.Build.0 = Release|Any CPU
		{79EA1EE2-75F3-8015-B6F0-CEC7061E911B}.Debug|Any CPU.ActiveCfg = Debug|Any CPU
		{79EA1EE2-75F3-8015-B6F0-CEC7061E911B}.Debug|Any CPU.Build.0 = Debug|Any CPU
		{79EA1EE2-75F3-8015-B6F0-CEC7061E911B}.Release|Any CPU.ActiveCfg = Release|Any CPU
		{79EA1EE2-75F3-8015-B6F0-CEC7061E911B}.Release|Any CPU.Build.0 = Release|Any CPU
		{97CC8255-BB26-0BE3-CE56-856F0F0A2508}.Debug|Any CPU.ActiveCfg = Debug|Any CPU
		{97CC8255-BB26-0BE3-CE56-856F0F0A2508}.Debug|Any CPU.Build.0 = Debug|Any CPU
		{97CC8255-BB26-0BE3-CE56-856F0F0A2508}.Release|Any CPU.ActiveCfg = Release|Any CPU
		{97CC8255-BB26-0BE3-CE56-856F0F0A2508}.Release|Any CPU.Build.0 = Release|Any CPU
		{A8752B05-A1D8-04D8-16DF-BD9275D41E1F}.Debug|Any CPU.ActiveCfg = Debug|Any CPU
		{A8752B05-A1D8-04D8-16DF-BD9275D41E1F}.Debug|Any CPU.Build.0 = Debug|Any CPU
		{A8752B05-A1D8-04D8-16DF-BD9275D41E1F}.Release|Any CPU.ActiveCfg = Release|Any CPU
		{A8752B05-A1D8-04D8-16DF-BD9275D41E1F}.Release|Any CPU.Build.0 = Release|Any CPU
		{1EEE67EC-C585-E344-155C-D1BBE7C21DDD}.Debug|Any CPU.ActiveCfg = Debug|Any CPU
		{1EEE67EC-C585-E344-155C-D1BBE7C21DDD}.Debug|Any CPU.Build.0 = Debug|Any CPU
		{1EEE67EC-C585-E344-155C-D1BBE7C21DDD}.Release|Any CPU.ActiveCfg = Release|Any CPU
		{1EEE67EC-C585-E344-155C-D1BBE7C21DDD}.Release|Any CPU.Build.0 = Release|Any CPU
		{C442F40F-F0AE-9EE4-AE70-FDBE2DC24E9C}.Debug|Any CPU.ActiveCfg = Debug|Any CPU
		{C442F40F-F0AE-9EE4-AE70-FDBE2DC24E9C}.Debug|Any CPU.Build.0 = Debug|Any CPU
		{C442F40F-F0AE-9EE4-AE70-FDBE2DC24E9C}.Release|Any CPU.ActiveCfg = Release|Any CPU
		{C442F40F-F0AE-9EE4-AE70-FDBE2DC24E9C}.Release|Any CPU.Build.0 = Release|Any CPU
		{3993DD9A-84E1-D67D-A880-14215B654FC2}.Debug|Any CPU.ActiveCfg = Debug|Any CPU
		{3993DD9A-84E1-D67D-A880-14215B654FC2}.Debug|Any CPU.Build.0 = Debug|Any CPU
		{3993DD9A-84E1-D67D-A880-14215B654FC2}.Release|Any CPU.ActiveCfg = Release|Any CPU
		{3993DD9A-84E1-D67D-A880-14215B654FC2}.Release|Any CPU.Build.0 = Release|Any CPU
		{5C36EF7F-89A6-1A7E-2FCE-4D60924D59F5}.Debug|Any CPU.ActiveCfg = Debug|Any CPU
		{5C36EF7F-89A6-1A7E-2FCE-4D60924D59F5}.Debug|Any CPU.Build.0 = Debug|Any CPU
		{5C36EF7F-89A6-1A7E-2FCE-4D60924D59F5}.Release|Any CPU.ActiveCfg = Release|Any CPU
		{5C36EF7F-89A6-1A7E-2FCE-4D60924D59F5}.Release|Any CPU.Build.0 = Release|Any CPU
		{AB39C1A9-EE9D-E28D-6B05-0CCA9E5FDEFD}.Debug|Any CPU.ActiveCfg = Debug|Any CPU
		{AB39C1A9-EE9D-E28D-6B05-0CCA9E5FDEFD}.Debug|Any CPU.Build.0 = Debug|Any CPU
		{AB39C1A9-EE9D-E28D-6B05-0CCA9E5FDEFD}.Release|Any CPU.ActiveCfg = Release|Any CPU
		{AB39C1A9-EE9D-E28D-6B05-0CCA9E5FDEFD}.Release|Any CPU.Build.0 = Release|Any CPU
		{8FE09613-0BC5-62BE-AD28-E8CE0B8D3632}.Debug|Any CPU.ActiveCfg = Debug|Any CPU
		{8FE09613-0BC5-62BE-AD28-E8CE0B8D3632}.Debug|Any CPU.Build.0 = Debug|Any CPU
		{8FE09613-0BC5-62BE-AD28-E8CE0B8D3632}.Release|Any CPU.ActiveCfg = Release|Any CPU
		{8FE09613-0BC5-62BE-AD28-E8CE0B8D3632}.Release|Any CPU.Build.0 = Release|Any CPU
		{F78D294E-21D6-26D0-644F-45C4F4D7F325}.Debug|Any CPU.ActiveCfg = Debug|Any CPU
		{F78D294E-21D6-26D0-644F-45C4F4D7F325}.Debug|Any CPU.Build.0 = Debug|Any CPU
		{F78D294E-21D6-26D0-644F-45C4F4D7F325}.Release|Any CPU.ActiveCfg = Release|Any CPU
		{F78D294E-21D6-26D0-644F-45C4F4D7F325}.Release|Any CPU.Build.0 = Release|Any CPU
		{8F6B88AD-A8CB-CD65-9840-66BC193F0E6F}.Debug|Any CPU.ActiveCfg = Debug|Any CPU
		{8F6B88AD-A8CB-CD65-9840-66BC193F0E6F}.Debug|Any CPU.Build.0 = Debug|Any CPU
		{8F6B88AD-A8CB-CD65-9840-66BC193F0E6F}.Release|Any CPU.ActiveCfg = Release|Any CPU
		{8F6B88AD-A8CB-CD65-9840-66BC193F0E6F}.Release|Any CPU.Build.0 = Release|Any CPU
		{AF4CF200-0F66-CF1D-6DD9-06FEA4088879}.Debug|Any CPU.ActiveCfg = Debug|Any CPU
		{AF4CF200-0F66-CF1D-6DD9-06FEA4088879}.Debug|Any CPU.Build.0 = Debug|Any CPU
		{AF4CF200-0F66-CF1D-6DD9-06FEA4088879}.Release|Any CPU.ActiveCfg = Release|Any CPU
		{AF4CF200-0F66-CF1D-6DD9-06FEA4088879}.Release|Any CPU.Build.0 = Release|Any CPU
		{EF06248F-5A22-F706-4E43-DDE2B888AB2A}.Debug|Any CPU.ActiveCfg = Debug|Any CPU
		{EF06248F-5A22-F706-4E43-DDE2B888AB2A}.Debug|Any CPU.Build.0 = Debug|Any CPU
		{EF06248F-5A22-F706-4E43-DDE2B888AB2A}.Release|Any CPU.ActiveCfg = Release|Any CPU
		{EF06248F-5A22-F706-4E43-DDE2B888AB2A}.Release|Any CPU.Build.0 = Release|Any CPU
		{B1F39400-3D3D-57FC-E28D-0AD84302A84A}.Debug|Any CPU.ActiveCfg = Debug|Any CPU
		{B1F39400-3D3D-57FC-E28D-0AD84302A84A}.Debug|Any CPU.Build.0 = Debug|Any CPU
		{B1F39400-3D3D-57FC-E28D-0AD84302A84A}.Release|Any CPU.ActiveCfg = Release|Any CPU
		{B1F39400-3D3D-57FC-E28D-0AD84302A84A}.Release|Any CPU.Build.0 = Release|Any CPU
		{8326FFED-32B8-0870-12F4-3E685F4C44BB}.Debug|Any CPU.ActiveCfg = Debug|Any CPU
		{8326FFED-32B8-0870-12F4-3E685F4C44BB}.Debug|Any CPU.Build.0 = Debug|Any CPU
		{8326FFED-32B8-0870-12F4-3E685F4C44BB}.Release|Any CPU.ActiveCfg = Release|Any CPU
		{8326FFED-32B8-0870-12F4-3E685F4C44BB}.Release|Any CPU.Build.0 = Release|Any CPU
		{67C3A758-CFEC-D446-DF74-191515F58E7E}.Debug|Any CPU.ActiveCfg = Debug|Any CPU
		{67C3A758-CFEC-D446-DF74-191515F58E7E}.Debug|Any CPU.Build.0 = Debug|Any CPU
		{67C3A758-CFEC-D446-DF74-191515F58E7E}.Release|Any CPU.ActiveCfg = Release|Any CPU
		{67C3A758-CFEC-D446-DF74-191515F58E7E}.Release|Any CPU.Build.0 = Release|Any CPU
		{BBE81BF5-FBB5-D9D8-4514-34C47E794F15}.Debug|Any CPU.ActiveCfg = Debug|Any CPU
		{BBE81BF5-FBB5-D9D8-4514-34C47E794F15}.Debug|Any CPU.Build.0 = Debug|Any CPU
		{BBE81BF5-FBB5-D9D8-4514-34C47E794F15}.Release|Any CPU.ActiveCfg = Release|Any CPU
		{BBE81BF5-FBB5-D9D8-4514-34C47E794F15}.Release|Any CPU.Build.0 = Release|Any CPU
		{92EEA7F7-7E6E-A0C3-1BE9-5C7B3AD63F84}.Debug|Any CPU.ActiveCfg = Debug|Any CPU
		{92EEA7F7-7E6E-A0C3-1BE9-5C7B3AD63F84}.Debug|Any CPU.Build.0 = Debug|Any CPU
		{92EEA7F7-7E6E-A0C3-1BE9-5C7B3AD63F84}.Release|Any CPU.ActiveCfg = Release|Any CPU
		{92EEA7F7-7E6E-A0C3-1BE9-5C7B3AD63F84}.Release|Any CPU.Build.0 = Release|Any CPU
		{79230B7B-E8A1-1520-C775-2A01E95BD29B}.Debug|Any CPU.ActiveCfg = Debug|Any CPU
		{79230B7B-E8A1-1520-C775-2A01E95BD29B}.Debug|Any CPU.Build.0 = Debug|Any CPU
		{79230B7B-E8A1-1520-C775-2A01E95BD29B}.Release|Any CPU.ActiveCfg = Release|Any CPU
		{79230B7B-E8A1-1520-C775-2A01E95BD29B}.Release|Any CPU.Build.0 = Release|Any CPU
		{B602F430-8679-2023-9C05-4A4B52731456}.Debug|Any CPU.ActiveCfg = Debug|Any CPU
		{B602F430-8679-2023-9C05-4A4B52731456}.Debug|Any CPU.Build.0 = Debug|Any CPU
		{B602F430-8679-2023-9C05-4A4B52731456}.Release|Any CPU.ActiveCfg = Release|Any CPU
		{B602F430-8679-2023-9C05-4A4B52731456}.Release|Any CPU.Build.0 = Release|Any CPU
		{321C6274-DCBA-D1AC-AD3E-4CAC8EC89263}.Debug|Any CPU.ActiveCfg = Debug|Any CPU
		{321C6274-DCBA-D1AC-AD3E-4CAC8EC89263}.Debug|Any CPU.Build.0 = Debug|Any CPU
		{321C6274-DCBA-D1AC-AD3E-4CAC8EC89263}.Release|Any CPU.ActiveCfg = Release|Any CPU
		{321C6274-DCBA-D1AC-AD3E-4CAC8EC89263}.Release|Any CPU.Build.0 = Release|Any CPU
		{E1CCC8FC-4DA0-EE62-F8A9-98DF632BCF89}.Debug|Any CPU.ActiveCfg = Debug|Any CPU
		{E1CCC8FC-4DA0-EE62-F8A9-98DF632BCF89}.Debug|Any CPU.Build.0 = Debug|Any CPU
		{E1CCC8FC-4DA0-EE62-F8A9-98DF632BCF89}.Release|Any CPU.ActiveCfg = Release|Any CPU
		{E1CCC8FC-4DA0-EE62-F8A9-98DF632BCF89}.Release|Any CPU.Build.0 = Release|Any CPU
		{E68E0A25-DBC7-D021-34CB-2DBACA3333AE}.Debug|Any CPU.ActiveCfg = Debug|Any CPU
		{E68E0A25-DBC7-D021-34CB-2DBACA3333AE}.Debug|Any CPU.Build.0 = Debug|Any CPU
		{E68E0A25-DBC7-D021-34CB-2DBACA3333AE}.Release|Any CPU.ActiveCfg = Release|Any CPU
		{E68E0A25-DBC7-D021-34CB-2DBACA3333AE}.Release|Any CPU.Build.0 = Release|Any CPU
		{AE87188E-4FA0-969C-5B17-FA41CB3114E8}.Debug|Any CPU.ActiveCfg = Debug|Any CPU
		{AE87188E-4FA0-969C-5B17-FA41CB3114E8}.Debug|Any CPU.Build.0 = Debug|Any CPU
		{AE87188E-4FA0-969C-5B17-FA41CB3114E8}.Release|Any CPU.ActiveCfg = Release|Any CPU
		{AE87188E-4FA0-969C-5B17-FA41CB3114E8}.Release|Any CPU.Build.0 = Release|Any CPU
		{7496FEDB-3BD4-2EFD-8A62-033B3DF3B0FD}.Debug|Any CPU.ActiveCfg = Debug|Any CPU
		{7496FEDB-3BD4-2EFD-8A62-033B3DF3B0FD}.Debug|Any CPU.Build.0 = Debug|Any CPU
		{7496FEDB-3BD4-2EFD-8A62-033B3DF3B0FD}.Release|Any CPU.ActiveCfg = Release|Any CPU
		{7496FEDB-3BD4-2EFD-8A62-033B3DF3B0FD}.Release|Any CPU.Build.0 = Release|Any CPU
	EndGlobalSection
	GlobalSection(SolutionProperties) = preSolution
		HideSolutionNode = FALSE
	EndGlobalSection
EndGlobal
